
Microsoft Visual Studio Solution File, Format Version 12.00
# Visual Studio Version 17
VisualStudioVersion = 17.8.34330.188
MinimumVisualStudioVersion = 10.0.40219.1
Project("{9A19103F-16F7-4668-BE54-9A1E7A4F7556}") = "NTierArchitecture.Entities", "NTierArchitecture.Entities\NTierArchitecture.Entities.csproj", "{DB16C41E-8D68-44C2-8B77-C1C5094DE159}"
EndProject
Project("{9A19103F-16F7-4668-BE54-9A1E7A4F7556}") = "NTierArchitecture.DataAccess", "NTierArchitecture.DataAccess\NTierArchitecture.DataAccess.csproj", "{8D4C3192-EB77-4C33-A29F-ACC01C264030}"
EndProject
Project("{9A19103F-16F7-4668-BE54-9A1E7A4F7556}") = "NTierArchitecture.Business", "NTierArchitecture.Business\NTierArchitecture.Business.csproj", "{26B01D26-E05E-46F2-81C8-1E1E081FBA89}"
EndProject
Project("{FAE04EC0-301F-11D3-BF4B-00C04F79EFBC}") = "NTierArchitecture.WebApi", "NTierArchitecture.WebApi\NTierArchitecture.WebApi.csproj", "{E70E3055-0AAD-4482-AB5F-A46AAB967792}"
EndProject
Global
	GlobalSection(SolutionConfigurationPlatforms) = preSolution
		Debug|Any CPU = Debug|Any CPU
		Release|Any CPU = Release|Any CPU
	EndGlobalSection
	GlobalSection(ProjectConfigurationPlatforms) = postSolution
		{DB16C41E-8D68-44C2-8B77-C1C5094DE159}.Debug|Any CPU.ActiveCfg = Debug|Any CPU
		{DB16C41E-8D68-44C2-8B77-C1C5094DE159}.Debug|Any CPU.Build.0 = Debug|Any CPU
		{DB16C41E-8D68-44C2-8B77-C1C5094DE159}.Release|Any CPU.ActiveCfg = Release|Any CPU
		{DB16C41E-8D68-44C2-8B77-C1C5094DE159}.Release|Any CPU.Build.0 = Release|Any CPU
		{8D4C3192-EB77-4C33-A29F-ACC01C264030}.Debug|Any CPU.ActiveCfg = Debug|Any CPU
		{8D4C3192-EB77-4C33-A29F-ACC01C264030}.Debug|Any CPU.Build.0 = Debug|Any CPU
		{8D4C3192-EB77-4C33-A29F-ACC01C264030}.Release|Any CPU.ActiveCfg = Release|Any CPU
		{8D4C3192-EB77-4C33-A29F-ACC01C264030}.Release|Any CPU.Build.0 = Release|Any CPU
		{26B01D26-E05E-46F2-81C8-1E1E081FBA89}.Debug|Any CPU.ActiveCfg = Debug|Any CPU
		{26B01D26-E05E-46F2-81C8-1E1E081FBA89}.Debug|Any CPU.Build.0 = Debug|Any CPU
		{26B01D26-E05E-46F2-81C8-1E1E081FBA89}.Release|Any CPU.ActiveCfg = Release|Any CPU
		{26B01D26-E05E-46F2-81C8-1E1E081FBA89}.Release|Any CPU.Build.0 = Release|Any CPU
		{E70E3055-0AAD-4482-AB5F-A46AAB967792}.Debug|Any CPU.ActiveCfg = Debug|Any CPU
		{E70E3055-0AAD-4482-AB5F-A46AAB967792}.Debug|Any CPU.Build.0 = Debug|Any CPU
		{E70E3055-0AAD-4482-AB5F-A46AAB967792}.Release|Any CPU.ActiveCfg = Release|Any CPU
		{E70E3055-0AAD-4482-AB5F-A46AAB967792}.Release|Any CPU.Build.0 = Release|Any CPU
	EndGlobalSection
	GlobalSection(SolutionProperties) = preSolution
		HideSolutionNode = FALSE
	EndGlobalSection
	GlobalSection(ExtensibilityGlobals) = postSolution
		SolutionGuid = {A51282CA-73C5-446A-946A-FF98FBA64D28}
	EndGlobalSection
EndGlobal
